<Solution>
  <Folder Name="/Solution Items/">
    <File Path="docker-compose.yml" />
  </Folder>
  <Project Path="LABsistem.Bll/LABsistem.Api.csproj" />
  <Project Path="LABsistem.Dal/LABsistem.Dal.csproj" />
  <Project Path="LABsistem.Domain/LABsistem.Domain.csproj" />
  <Project Path="LABsistem.Presentation/LABsistem.Presentation.csproj" />
</Solution>
