<Solution>
  <Folder Name="/.github/" />
  <Folder Name="/.github/workflows/">
    <File Path="deployment-script.yml" />
  </Folder>
  <Project Path="docker-compose.dcproj">
    <Build />
  </Project>
  <Project Path="LABsistem.Api/LABsistem.Api.csproj" />
  <Project Path="LABsistem.Dal/LABsistem.Dal.csproj" />
  <Project Path="LABsistem.Domain/LABsistem.Domain.csproj" />
  <Project Path="LABsistem.Presentation/LABsistem.Presentation.csproj" />
</Solution>
