<Solution>
  <Project Path="docker-compose.dcproj">
    <Build />
  </Project>
  <Project Path="LABsistem.Api/LABsistem.Api.csproj" />
  <Project Path="LabSistem.Dal/LabSistem.Dal.csproj" />
  <Project Path="LabSistem.Domain/LABsistem.Domain.csproj" />
  <Project Path="LABsistem.Presentation/LABsistem.Presentation.csproj" />
</Solution>
